<?xml version="1.0" encoding="utf-8"?>
<Project ToolsVersion="15.0" xmlns="http://schemas.microsoft.com/developer/msbuild/2003">
  <ItemGroup>
    <CustomBuild Include="C:\Users\Wanli\Desktop\build.chroma\CMakeFiles\cc4a69b6076405fad4fce6a3e023ae22\INSTALL_force.rule">
      <Filter>CMake Rules</Filter>
    </CustomBuild>
  </ItemGroup>
  <ItemGroup>
    <Filter Include="CMake Rules">
      <UniqueIdentifier>{89714410-C631-34DA-BC23-F8C1CC2679BB}</UniqueIdentifier>
    </Filter>
  </ItemGroup>
</Project>
